// !$*UTF8*$!
{
	archiveVersion = 1;
	classes = {
	};
	objectVersion = 48;
	objects = {

/* Begin PBXBuildFile section */
		776CE3AA1FDA7660004ECDAD /* AppDelegate.swift in Sources */ = {isa = PBXBuildFile; fileRef = 776CE3A91FDA7660004ECDAD /* AppDelegate.swift */; };
		776CE3AC1FDA7660004ECDAD /* ViewController.swift in Sources */ = {isa = PBXBuildFile; fileRef = 776CE3AB1FDA7660004ECDAD /* ViewController.swift */; };
		776CE3AF1FDA7660004ECDAD /* Main.storyboard in Resources */ = {isa = PBXBuildFile; fileRef = 776CE3AD1FDA7660004ECDAD /* Main.storyboard */; };
		776CE3B11FDA7660004ECDAD /* Assets.xcassets in Resources */ = {isa = PBXBuildFile; fileRef = 776CE3B01FDA7660004ECDAD /* Assets.xcassets */; };
		776CE3B41FDA7660004ECDAD /* LaunchScreen.storyboard in Resources */ = {isa = PBXBuildFile; fileRef = 776CE3B21FDA7660004ECDAD /* LaunchScreen.storyboard */; };
		776CE3BF1FDA7661004ECDAD /* TouchTrackerTests.swift in Sources */ = {isa = PBXBuildFile; fileRef = 776CE3BE1FDA7661004ECDAD /* TouchTrackerTests.swift */; };
		776CE3CA1FDA7661004ECDAD /* TouchTrackerUITests.swift in Sources */ = {isa = PBXBuildFile; fileRef = 776CE3C91FDA7661004ECDAD /* TouchTrackerUITests.swift */; };
/* End PBXBuildFile section */

/* Begin PBXContainerItemProxy section */
		776CE3BB1FDA7661004ECDAD /* PBXContainerItemProxy */ = {
			isa = PBXContainerItemProxy;
			containerPortal = 776CE39E1FDA7660004ECDAD /* Project object */;
			proxyType = 1;
			remoteGlobalIDString = 776CE3A51FDA7660004ECDAD;
			remoteInfo = TouchTracker;
		};
		776CE3C61FDA7661004ECDAD /* PBXContainerItemProxy */ = {
			isa = PBXContainerItemProxy;
			containerPortal = 776CE39E1FDA7660004ECDAD /* Project object */;
			proxyType = 1;
			remoteGlobalIDString = 776CE3A51FDA7660004ECDAD;
			remoteInfo = TouchTracker;
		};
/* End PBXContainerItemProxy section */

/* Begin PBXFileReference section */
		776CE3A61FDA7660004ECDAD /* TouchTracker.app */ = {isa = PBXFileReference; explicitFileType = wrapper.application; includeInIndex = 0; path = TouchTracker.app; sourceTree = BUILT_PRODUCTS_DIR; };
		776CE3A91FDA7660004ECDAD /* AppDelegate.swift */ = {isa = PBXFileReference; lastKnownFileType = sourcecode.swift; path = AppDelegate.swift; sourceTree = "<group>"; };
		776CE3AB1FDA7660004ECDAD /* ViewController.swift */ = {isa = PBXFileReference; lastKnownFileType = sourcecode.swift; path = ViewController.swift; sourceTree = "<group>"; };
		776CE3AE1FDA7660004ECDAD /* Base */ = {isa = PBXFileReference; lastKnownFileType = file.storyboard; name = Base; path = Base.lproj/Main.storyboard; sourceTree = "<group>"; };
		776CE3B01FDA7660004ECDAD /* Assets.xcassets */ = {isa = PBXFileReference; lastKnownFileType = folder.assetcatalog; path = Assets.xcassets; sourceTree = "<group>"; };
		776CE3B31FDA7660004ECDAD /* Base */ = {isa = PBXFileReference; lastKnownFileType = file.storyboard; name = Base; path = Base.lproj/LaunchScreen.storyboard; sourceTree = "<group>"; };
		776CE3B51FDA7661004ECDAD /* Info.plist */ = {isa = PBXFileReference; lastKnownFileType = text.plist.xml; path = Info.plist; sourceTree = "<group>"; };
		776CE3BA1FDA7661004ECDAD /* TouchTrackerTests.xctest */ = {isa = PBXFileReference; explicitFileType = wrapper.cfbundle; includeInIndex = 0; path = TouchTrackerTests.xctest; sourceTree = BUILT_PRODUCTS_DIR; };
		776CE3BE1FDA7661004ECDAD /* TouchTrackerTests.swift */ = {isa = PBXFileReference; lastKnownFileType = sourcecode.swift; path = TouchTrackerTests.swift; sourceTree = "<group>"; };
		776CE3C01FDA7661004ECDAD /* Info.plist */ = {isa = PBXFileReference; lastKnownFileType = text.plist.xml; path = Info.plist; sourceTree = "<group>"; };
		776CE3C51FDA7661004ECDAD /* TouchTrackerUITests.xctest */ = {isa = PBXFileReference; explicitFileType = wrapper.cfbundle; includeInIndex = 0; path = TouchTrackerUITests.xctest; sourceTree = BUILT_PRODUCTS_DIR; };
		776CE3C91FDA7661004ECDAD /* TouchTrackerUITests.swift */ = {isa = PBXFileReference; lastKnownFileType = sourcecode.swift; path = TouchTrackerUITests.swift; sourceTree = "<group>"; };
		776CE3CB1FDA7661004ECDAD /* Info.plist */ = {isa = PBXFileReference; lastKnownFileType = text.plist.xml; path = Info.plist; sourceTree = "<group>"; };
/* End PBXFileReference section */

/* Begin PBXFrameworksBuildPhase section */
		776CE3A31FDA7660004ECDAD /* Frameworks */ = {
			isa = PBXFrameworksBuildPhase;
			buildActionMask = 2147483647;
			files = (
			);
			runOnlyForDeploymentPostprocessing = 0;
		};
		776CE3B71FDA7661004ECDAD /* Frameworks */ = {
			isa = PBXFrameworksBuildPhase;
			buildActionMask = 2147483647;
			files = (
			);
			runOnlyForDeploymentPostprocessing = 0;
		};
		776CE3C21FDA7661004ECDAD /* Frameworks */ = {
			isa = PBXFrameworksBuildPhase;
			buildActionMask = 2147483647;
			files = (
			);
			runOnlyForDeploymentPostprocessing = 0;
		};
/* End PBXFrameworksBuildPhase section */

/* Begin PBXGroup section */
		776CE39D1FDA7660004ECDAD = {
			isa = PBXGroup;
			children = (
				776CE3A81FDA7660004ECDAD /* TouchTracker */,
				776CE3BD1FDA7661004ECDAD /* TouchTrackerTests */,
				776CE3C81FDA7661004ECDAD /* TouchTrackerUITests */,
				776CE3A71FDA7660004ECDAD /* Products */,
			);
			sourceTree = "<group>";
		};
		776CE3A71FDA7660004ECDAD /* Products */ = {
			isa = PBXGroup;
			children = (
				776CE3A61FDA7660004ECDAD /* TouchTracker.app */,
				776CE3BA1FDA7661004ECDAD /* TouchTrackerTests.xctest */,
				776CE3C51FDA7661004ECDAD /* TouchTrackerUITests.xctest */,
			);
			name = Products;
			sourceTree = "<group>";
		};
		776CE3A81FDA7660004ECDAD /* TouchTracker */ = {
			isa = PBXGroup;
			children = (
				776CE3A91FDA7660004ECDAD /* AppDelegate.swift */,
				776CE3AB1FDA7660004ECDAD /* ViewController.swift */,
				776CE3AD1FDA7660004ECDAD /* Main.storyboard */,
				776CE3B01FDA7660004ECDAD /* Assets.xcassets */,
				776CE3B21FDA7660004ECDAD /* LaunchScreen.storyboard */,
				776CE3B51FDA7661004ECDAD /* Info.plist */,
			);
			path = TouchTracker;
			sourceTree = "<group>";
		};
		776CE3BD1FDA7661004ECDAD /* TouchTrackerTests */ = {
			isa = PBXGroup;
			children = (
				776CE3BE1FDA7661004ECDAD /* TouchTrackerTests.swift */,
				776CE3C01FDA7661004ECDAD /* Info.plist */,
			);
			path = TouchTrackerTests;
			sourceTree = "<group>";
		};
		776CE3C81FDA7661004ECDAD /* TouchTrackerUITests */ = {
			isa = PBXGroup;
			children = (
				776CE3C91FDA7661004ECDAD /* TouchTrackerUITests.swift */,
				776CE3CB1FDA7661004ECDAD /* Info.plist */,
			);
			path = TouchTrackerUITests;
			sourceTree = "<group>";
		};
/* End PBXGroup section */

/* Begin PBXNativeTarget section */
		776CE3A51FDA7660004ECDAD /* TouchTracker */ = {
			isa = PBXNativeTarget;
			buildConfigurationList = 776CE3CE1FDA7661004ECDAD /* Build configuration list for PBXNativeTarget "TouchTracker" */;
			buildPhases = (
				776CE3A21FDA7660004ECDAD /* Sources */,
				776CE3A31FDA7660004ECDAD /* Frameworks */,
				776CE3A41FDA7660004ECDAD /* Resources */,
			);
			buildRules = (
			);
			dependencies = (
			);
			name = TouchTracker;
			productName = TouchTracker;
			productReference = 776CE3A61FDA7660004ECDAD /* TouchTracker.app */;
			productType = "com.apple.product-type.application";
		};
		776CE3B91FDA7661004ECDAD /* TouchTrackerTests */ = {
			isa = PBXNativeTarget;
			buildConfigurationList = 776CE3D11FDA7661004ECDAD /* Build configuration list for PBXNativeTarget "TouchTrackerTests" */;
			buildPhases = (
				776CE3B61FDA7661004ECDAD /* Sources */,
				776CE3B71FDA7661004ECDAD /* Frameworks */,
				776CE3B81FDA7661004ECDAD /* Resources */,
			);
			buildRules = (
			);
			dependencies = (
				776CE3BC1FDA7661004ECDAD /* PBXTargetDependency */,
			);
			name = TouchTrackerTests;
			productName = TouchTrackerTests;
			productReference = 776CE3BA1FDA7661004ECDAD /* TouchTrackerTests.xctest */;
			productType = "com.apple.product-type.bundle.unit-test";
		};
		776CE3C41FDA7661004ECDAD /* TouchTrackerUITests */ = {
			isa = PBXNativeTarget;
			buildConfigurationList = 776CE3D41FDA7661004ECDAD /* Build configuration list for PBXNativeTarget "TouchTrackerUITests" */;
			buildPhases = (
				776CE3C11FDA7661004ECDAD /* Sources */,
				776CE3C21FDA7661004ECDAD /* Frameworks */,
				776CE3C31FDA7661004ECDAD /* Resources */,
			);
			buildRules = (
			);
			dependencies = (
				776CE3C71FDA7661004ECDAD /* PBXTargetDependency */,
			);
			name = TouchTrackerUITests;
			productName = TouchTrackerUITests;
			productReference = 776CE3C51FDA7661004ECDAD /* TouchTrackerUITests.xctest */;
			productType = "com.apple.product-type.bundle.ui-testing";
		};
/* End PBXNativeTarget section */

/* Begin PBXProject section */
		776CE39E1FDA7660004ECDAD /* Project object */ = {
			isa = PBXProject;
			attributes = {
				LastSwiftUpdateCheck = 0920;
				LastUpgradeCheck = 0920;
				ORGANIZATIONNAME = "Carlos Poles";
				TargetAttributes = {
					776CE3A51FDA7660004ECDAD = {
						CreatedOnToolsVersion = 9.2;
						ProvisioningStyle = Automatic;
					};
					776CE3B91FDA7661004ECDAD = {
						CreatedOnToolsVersion = 9.2;
						ProvisioningStyle = Automatic;
						TestTargetID = 776CE3A51FDA7660004ECDAD;
					};
					776CE3C41FDA7661004ECDAD = {
						CreatedOnToolsVersion = 9.2;
						ProvisioningStyle = Automatic;
						TestTargetID = 776CE3A51FDA7660004ECDAD;
					};
				};
			};
			buildConfigurationList = 776CE3A11FDA7660004ECDAD /* Build configuration list for PBXProject "TouchTracker" */;
			compatibilityVersion = "Xcode 8.0";
			developmentRegion = en;
			hasScannedForEncodings = 0;
			knownRegions = (
				en,
				Base,
			);
			mainGroup = 776CE39D1FDA7660004ECDAD;
			productRefGroup = 776CE3A71FDA7660004ECDAD /* Products */;
			projectDirPath = "";
			projectRoot = "";
			targets = (
				776CE3A51FDA7660004ECDAD /* TouchTracker */,
				776CE3B91FDA7661004ECDAD /* TouchTrackerTests */,
				776CE3C41FDA7661004ECDAD /* TouchTrackerUITests */,
			);
		};
/* End PBXProject section */

/* Begin PBXResourcesBuildPhase section */
		776CE3A41FDA7660004ECDAD /* Resources */ = {
			isa = PBXResourcesBuildPhase;
			buildActionMask = 2147483647;
			files = (
				776CE3B41FDA7660004ECDAD /* LaunchScreen.storyboard in Resources */,
				776CE3B11FDA7660004ECDAD /* Assets.xcassets in Resources */,
				776CE3AF1FDA7660004ECDAD /* Main.storyboard in Resources */,
			);
			runOnlyForDeploymentPostprocessing = 0;
		};
		776CE3B81FDA7661004ECDAD /* Resources */ = {
			isa = PBXResourcesBuildPhase;
			buildActionMask = 2147483647;
			files = (
			);
			runOnlyForDeploymentPostprocessing = 0;
		};
		776CE3C31FDA7661004ECDAD /* Resources */ = {
			isa = PBXResourcesBuildPhase;
			buildActionMask = 2147483647;
			files = (
			);
			runOnlyForDeploymentPostprocessing = 0;
		};
/* End PBXResourcesBuildPhase section */

/* Begin PBXSourcesBuildPhase section */
		776CE3A21FDA7660004ECDAD /* Sources */ = {
			isa = PBXSourcesBuildPhase;
			buildActionMask = 2147483647;
			files = (
				776CE3AC1FDA7660004ECDAD /* ViewController.swift in Sources */,
				776CE3AA1FDA7660004ECDAD /* AppDelegate.swift in Sources */,
			);
			runOnlyForDeploymentPostprocessing = 0;
		};
		776CE3B61FDA7661004ECDAD /* Sources */ = {
			isa = PBXSourcesBuildPhase;
			buildActionMask = 2147483647;
			files = (
				776CE3BF1FDA7661004ECDAD /* TouchTrackerTests.swift in Sources */,
			);
			runOnlyForDeploymentPostprocessing = 0;
		};
		776CE3C11FDA7661004ECDAD /* Sources */ = {
			isa = PBXSourcesBuildPhase;
			buildActionMask = 2147483647;
			files = (
				776CE3CA1FDA7661004ECDAD /* TouchTrackerUITests.swift in Sources */,
			);
			runOnlyForDeploymentPostprocessing = 0;
		};
/* End PBXSourcesBuildPhase section */

/* Begin PBXTargetDependency section */
		776CE3BC1FDA7661004ECDAD /* PBXTargetDependency */ = {
			isa = PBXTargetDependency;
			target = 776CE3A51FDA7660004ECDAD /* TouchTracker */;
			targetProxy = 776CE3BB1FDA7661004ECDAD /* PBXContainerItemProxy */;
		};
		776CE3C71FDA7661004ECDAD /* PBXTargetDependency */ = {
			isa = PBXTargetDependency;
			target = 776CE3A51FDA7660004ECDAD /* TouchTracker */;
			targetProxy = 776CE3C61FDA7661004ECDAD /* PBXContainerItemProxy */;
		};
/* End PBXTargetDependency section */

/* Begin PBXVariantGroup section */
		776CE3AD1FDA7660004ECDAD /* Main.storyboard */ = {
			isa = PBXVariantGroup;
			children = (
				776CE3AE1FDA7660004ECDAD /* Base */,
			);
			name = Main.storyboard;
			sourceTree = "<group>";
		};
		776CE3B21FDA7660004ECDAD /* LaunchScreen.storyboard */ = {
			isa = PBXVariantGroup;
			children = (
				776CE3B31FDA7660004ECDAD /* Base */,
			);
			name = LaunchScreen.storyboard;
			sourceTree = "<group>";
		};
/* End PBXVariantGroup section */

/* Begin XCBuildConfiguration section */
		776CE3CC1FDA7661004ECDAD /* Debug */ = {
			isa = XCBuildConfiguration;
			buildSettings = {
				ALWAYS_SEARCH_USER_PATHS = NO;
				CLANG_ANALYZER_NONNULL = YES;
				CLANG_ANALYZER_NUMBER_OBJECT_CONVERSION = YES_AGGRESSIVE;
				CLANG_CXX_LANGUAGE_STANDARD = "gnu++14";
				CLANG_CXX_LIBRARY = "libc++";
				CLANG_ENABLE_MODULES = YES;
				CLANG_ENABLE_OBJC_ARC = YES;
				CLANG_WARN_BLOCK_CAPTURE_AUTORELEASING = YES;
				CLANG_WARN_BOOL_CONVERSION = YES;
				CLANG_WARN_COMMA = YES;
				CLANG_WARN_CONSTANT_CONVERSION = YES;
				CLANG_WARN_DIRECT_OBJC_ISA_USAGE = YES_ERROR;
				CLANG_WARN_DOCUMENTATION_COMMENTS = YES;
				CLANG_WARN_EMPTY_BODY = YES;
				CLANG_WARN_ENUM_CONVERSION = YES;
				CLANG_WARN_INFINITE_RECURSION = YES;
				CLANG_WARN_INT_CONVERSION = YES;
				CLANG_WARN_NON_LITERAL_NULL_CONVERSION = YES;
				CLANG_WARN_OBJC_LITERAL_CONVERSION = YES;
				CLANG_WARN_OBJC_ROOT_CLASS = YES_ERROR;
				CLANG_WARN_RANGE_LOOP_ANALYSIS = YES;
				CLANG_WARN_STRICT_PROTOTYPES = YES;
				CLANG_WARN_SUSPICIOUS_MOVE = YES;
				CLANG_WARN_UNGUARDED_AVAILABILITY = YES_AGGRESSIVE;
				CLANG_WARN_UNREACHABLE_CODE = YES;
				CLANG_WARN__DUPLICATE_METHOD_MATCH = YES;
				CODE_SIGN_IDENTITY = "iPhone Developer";
				COPY_PHASE_STRIP = NO;
				DEBUG_INFORMATION_FORMAT = dwarf;
				ENABLE_STRICT_OBJC_MSGSEND = YES;
				ENABLE_TESTABILITY = YES;
				GCC_C_LANGUAGE_STANDARD = gnu11;
				GCC_DYNAMIC_NO_PIC = NO;
				GCC_NO_COMMON_BLOCKS = YES;
				GCC_OPTIMIZATION_LEVEL = 0;
				GCC_PREPROCESSOR_DEFINITIONS = (
					"DEBUG=1",
					"$(inherited)",
				);
				GCC_WARN_64_TO_32_BIT_CONVERSION = YES;
				GCC_WARN_ABOUT_RETURN_TYPE = YES_ERROR;
				GCC_WARN_UNDECLARED_SELECTOR = YES;
				GCC_WARN_UNINITIALIZED_AUTOS = YES_AGGRESSIVE;
				GCC_WARN_UNUSED_FUNCTION = YES;
				GCC_WARN_UNUSED_VARIABLE = YES;
				IPHONEOS_DEPLOYMENT_TARGET = 11.2;
				MTL_ENABLE_DEBUG_INFO = YES;
				ONLY_ACTIVE_ARCH = YES;
				SDKROOT = iphoneos;
				SWIFT_ACTIVE_COMPILATION_CONDITIONS = DEBUG;
				SWIFT_OPTIMIZATION_LEVEL = "-Onone";
			};
			name = Debug;
		};
		776CE3CD1FDA7661004ECDAD /* Release */ = {
			isa = XCBuildConfiguration;
			buildSettings = {
				ALWAYS_SEARCH_USER_PATHS = NO;
				CLANG_ANALYZER_NONNULL = YES;
				CLANG_ANALYZER_NUMBER_OBJECT_CONVERSION = YES_AGGRESSIVE;
				CLANG_CXX_LANGUAGE_STANDARD = "gnu++14";
				CLANG_CXX_LIBRARY = "libc++";
				CLANG_ENABLE_MODULES = YES;
				CLANG_ENABLE_OBJC_ARC = YES;
				CLANG_WARN_BLOCK_CAPTURE_AUTORELEASING = YES;
				CLANG_WARN_BOOL_CONVERSION = YES;
				CLANG_WARN_COMMA = YES;
				CLANG_WARN_CONSTANT_CONVERSION = YES;
				CLANG_WARN_DIRECT_OBJC_ISA_USAGE = YES_ERROR;
				CLANG_WARN_DOCUMENTATION_COMMENTS = YES;
				CLANG_WARN_EMPTY_BODY = YES;
				CLANG_WARN_ENUM_CONVERSION = YES;
				CLANG_WARN_INFINITE_RECURSION = YES;
				CLANG_WARN_INT_CONVERSION = YES;
				CLANG_WARN_NON_LITERAL_NULL_CONVERSION = YES;
				CLANG_WARN_OBJC_LITERAL_CONVERSION = YES;
				CLANG_WARN_OBJC_ROOT_CLASS = YES_ERROR;
				CLANG_WARN_RANGE_LOOP_ANALYSIS = YES;
				CLANG_WARN_STRICT_PROTOTYPES = YES;
				CLANG_WARN_SUSPICIOUS_MOVE = YES;
				CLANG_WARN_UNGUARDED_AVAILABILITY = YES_AGGRESSIVE;
				CLANG_WARN_UNREACHABLE_CODE = YES;
				CLANG_WARN__DUPLICATE_METHOD_MATCH = YES;
				CODE_SIGN_IDENTITY = "iPhone Developer";
				COPY_PHASE_STRIP = NO;
				DEBUG_INFORMATION_FORMAT = "dwarf-with-dsym";
				ENABLE_NS_ASSERTIONS = NO;
				ENABLE_STRICT_OBJC_MSGSEND = YES;
				GCC_C_LANGUAGE_STANDARD = gnu11;
				GCC_NO_COMMON_BLOCKS = YES;
				GCC_WARN_64_TO_32_BIT_CONVERSION = YES;
				GCC_WARN_ABOUT_RETURN_TYPE = YES_ERROR;
				GCC_WARN_UNDECLARED_SELECTOR = YES;
				GCC_WARN_UNINITIALIZED_AUTOS = YES_AGGRESSIVE;
				GCC_WARN_UNUSED_FUNCTION = YES;
				GCC_WARN_UNUSED_VARIABLE = YES;
				IPHONEOS_DEPLOYMENT_TARGET = 11.2;
				MTL_ENABLE_DEBUG_INFO = NO;
				SDKROOT = iphoneos;
				SWIFT_OPTIMIZATION_LEVEL = "-Owholemodule";
				VALIDATE_PRODUCT = YES;
			};
			name = Release;
		};
		776CE3CF1FDA7661004ECDAD /* Debug */ = {
			isa = XCBuildConfiguration;
			buildSettings = {
				ASSETCATALOG_COMPILER_APPICON_NAME = AppIcon;
				CODE_SIGN_STYLE = Automatic;
				INFOPLIST_FILE = TouchTracker/Info.plist;
				LD_RUNPATH_SEARCH_PATHS = "$(inherited) @executable_path/Frameworks";
				PRODUCT_BUNDLE_IDENTIFIER = au.edu.griffith.ict.prog.TouchTracker;
				PRODUCT_NAME = "$(TARGET_NAME)";
				SWIFT_VERSION = 4.0;
				TARGETED_DEVICE_FAMILY = "1,2";
			};
			name = Debug;
		};
		776CE3D01FDA7661004ECDAD /* Release */ = {
			isa = XCBuildConfiguration;
			buildSettings = {
				ASSETCATALOG_COMPILER_APPICON_NAME = AppIcon;
				CODE_SIGN_STYLE = Automatic;
				INFOPLIST_FILE = TouchTracker/Info.plist;
				LD_RUNPATH_SEARCH_PATHS = "$(inherited) @executable_path/Frameworks";
				PRODUCT_BUNDLE_IDENTIFIER = au.edu.griffith.ict.prog.TouchTracker;
				PRODUCT_NAME = "$(TARGET_NAME)";
				SWIFT_VERSION = 4.0;
				TARGETED_DEVICE_FAMILY = "1,2";
			};
			name = Release;
		};
		776CE3D21FDA7661004ECDAD /* Debug */ = {
			isa = XCBuildConfiguration;
			buildSettings = {
				ALWAYS_EMBED_SWIFT_STANDARD_LIBRARIES = YES;
				BUNDLE_LOADER = "$(TEST_HOST)";
				CODE_SIGN_STYLE = Automatic;
				INFOPLIST_FILE = TouchTrackerTests/Info.plist;
				LD_RUNPATH_SEARCH_PATHS = "$(inherited) @executable_path/Frameworks @loader_path/Frameworks";
				PRODUCT_BUNDLE_IDENTIFIER = au.edu.griffith.ict.prog.TouchTrackerTests;
				PRODUCT_NAME = "$(TARGET_NAME)";
				SWIFT_VERSION = 4.0;
				TARGETED_DEVICE_FAMILY = "1,2";
				TEST_HOST = "$(BUILT_PRODUCTS_DIR)/TouchTracker.app/TouchTracker";
			};
			name = Debug;
		};
		776CE3D31FDA7661004ECDAD /* Release */ = {
			isa = XCBuildConfiguration;
			buildSettings = {
				ALWAYS_EMBED_SWIFT_STANDARD_LIBRARIES = YES;
				BUNDLE_LOADER = "$(TEST_HOST)";
				CODE_SIGN_STYLE = Automatic;
				INFOPLIST_FILE = TouchTrackerTests/Info.plist;
				LD_RUNPATH_SEARCH_PATHS = "$(inherited) @executable_path/Frameworks @loader_path/Frameworks";
				PRODUCT_BUNDLE_IDENTIFIER = au.edu.griffith.ict.prog.TouchTrackerTests;
				PRODUCT_NAME = "$(TARGET_NAME)";
				SWIFT_VERSION = 4.0;
				TARGETED_DEVICE_FAMILY = "1,2";
				TEST_HOST = "$(BUILT_PRODUCTS_DIR)/TouchTracker.app/TouchTracker";
			};
			name = Release;
		};
		776CE3D51FDA7661004ECDAD /* Debug */ = {
			isa = XCBuildConfiguration;
			buildSettings = {
				ALWAYS_EMBED_SWIFT_STANDARD_LIBRARIES = YES;
				CODE_SIGN_STYLE = Automatic;
				INFOPLIST_FILE = TouchTrackerUITests/Info.plist;
				LD_RUNPATH_SEARCH_PATHS = "$(inherited) @executable_path/Frameworks @loader_path/Frameworks";
				PRODUCT_BUNDLE_IDENTIFIER = au.edu.griffith.ict.prog.TouchTrackerUITests;
				PRODUCT_NAME = "$(TARGET_NAME)";
				SWIFT_VERSION = 4.0;
				TARGETED_DEVICE_FAMILY = "1,2";
				TEST_TARGET_NAME = TouchTracker;
			};
			name = Debug;
		};
		776CE3D61FDA7661004ECDAD /* Release */ = {
			isa = XCBuildConfiguration;
			buildSettings = {
				ALWAYS_EMBED_SWIFT_STANDARD_LIBRARIES = YES;
				CODE_SIGN_STYLE = Automatic;
				INFOPLIST_FILE = TouchTrackerUITests/Info.plist;
				LD_RUNPATH_SEARCH_PATHS = "$(inherited) @executable_path/Frameworks @loader_path/Frameworks";
				PRODUCT_BUNDLE_IDENTIFIER = au.edu.griffith.ict.prog.TouchTrackerUITests;
				PRODUCT_NAME = "$(TARGET_NAME)";
				SWIFT_VERSION = 4.0;
				TARGETED_DEVICE_FAMILY = "1,2";
				TEST_TARGET_NAME = TouchTracker;
			};
			name = Release;
		};
/* End XCBuildConfiguration section */

/* Begin XCConfigurationList section */
		776CE3A11FDA7660004ECDAD /* Build configuration list for PBXProject "TouchTracker" */ = {
			isa = XCConfigurationList;
			buildConfigurations = (
				776CE3CC1FDA7661004ECDAD /* Debug */,
				776CE3CD1FDA7661004ECDAD /* Release */,
			);
			defaultConfigurationIsVisible = 0;
			defaultConfigurationName = Release;
		};
		776CE3CE1FDA7661004ECDAD /* Build configuration list for PBXNativeTarget "TouchTracker" */ = {
			isa = XCConfigurationList;
			buildConfigurations = (
				776CE3CF1FDA7661004ECDAD /* Debug */,
				776CE3D01FDA7661004ECDAD /* Release */,
			);
			defaultConfigurationIsVisible = 0;
			defaultConfigurationName = Release;
		};
		776CE3D11FDA7661004ECDAD /* Build configuration list for PBXNativeTarget "TouchTrackerTests" */ = {
			isa = XCConfigurationList;
			buildConfigurations = (
				776CE3D21FDA7661004ECDAD /* Debug */,
				776CE3D31FDA7661004ECDAD /* Release */,
			);
			defaultConfigurationIsVisible = 0;
			defaultConfigurationName = Release;
		};
		776CE3D41FDA7661004ECDAD /* Build configuration list for PBXNativeTarget "TouchTrackerUITests" */ = {
			isa = XCConfigurationList;
			buildConfigurations = (
				776CE3D51FDA7661004ECDAD /* Debug */,
				776CE3D61FDA7661004ECDAD /* Release */,
			);
			defaultConfigurationIsVisible = 0;
			defaultConfigurationName = Release;
		};
/* End XCConfigurationList section */
	};
	rootObject = 776CE39E1FDA7660004ECDAD /* Project object */;
}
